
Microsoft Visual Studio Solution File, Format Version 11.00
# Visual Studio 2010
Project("{CC5FD16D-436D-48AD-A40C-5A424C6E3E79}") = "MVCProject", "MVCProject.ccproj", "{0A7AE825-1E18-43C0-997F-5A64F39F09E1}"
EndProject
Project("{FAE04EC0-301F-11D3-BF4B-00C04F79EFBC}") = "MvcWebRole1", "MvcWebRole1\MvcWebRole1.csproj", "{87EF99DD-5A72-41F0-BDB0-AE73FC15C059}"
EndProject
Global
	GlobalSection(SolutionConfigurationPlatforms) = preSolution
		Debug|Any CPU = Debug|Any CPU
		Release|Any CPU = Release|Any CPU
	EndGlobalSection
	GlobalSection(ProjectConfigurationPlatforms) = postSolution
		{0A7AE825-1E18-43C0-997F-5A64F39F09E1}.Debug|Any CPU.ActiveCfg = Debug|Any CPU
		{0A7AE825-1E18-43C0-997F-5A64F39F09E1}.Debug|Any CPU.Build.0 = Debug|Any CPU
		{0A7AE825-1E18-43C0-997F-5A64F39F09E1}.Release|Any CPU.ActiveCfg = Release|Any CPU
		{0A7AE825-1E18-43C0-997F-5A64F39F09E1}.Release|Any CPU.Build.0 = Release|Any CPU
		{87EF99DD-5A72-41F0-BDB0-AE73FC15C059}.Debug|Any CPU.ActiveCfg = Debug|Any CPU
		{87EF99DD-5A72-41F0-BDB0-AE73FC15C059}.Debug|Any CPU.Build.0 = Debug|Any CPU
		{87EF99DD-5A72-41F0-BDB0-AE73FC15C059}.Release|Any CPU.ActiveCfg = Release|Any CPU
		{87EF99DD-5A72-41F0-BDB0-AE73FC15C059}.Release|Any CPU.Build.0 = Release|Any CPU
	EndGlobalSection
	GlobalSection(SolutionProperties) = preSolution
		HideSolutionNode = FALSE
	EndGlobalSection
EndGlobal
